
Microsoft Visual Studio Solution File, Format Version 12.00
# Visual Studio Version 17
VisualStudioVersion = 17.5.002.0
MinimumVisualStudioVersion = 10.0.40219.1
Project("{9A19103F-16F7-4668-BE54-9A1E7A4F7556}") = "APIGateway", "APIGateway\APIGateway.csproj", "{925A1EFB-9296-4A82-9065-C9FB7B4C1789}"
EndProject
Project("{2150E333-8FDC-42A3-9474-1A3956D46DE8}") = "Services", "Services", "{C6643867-3431-4BB2-BC72-5E0D7C10EA1D}"
EndProject
Project("{9A19103F-16F7-4668-BE54-9A1E7A4F7556}") = "PLManagement", "Services\PLManagement\PLManagement.csproj", "{515FE5F8-D909-400B-9A29-2918F66C8085}"
EndProject
Project("{9A19103F-16F7-4668-BE54-9A1E7A4F7556}") = "UserManagement", "Services\UserManagement\UserManagement.csproj", "{77F3038D-2939-4D35-B26D-08EAE8509EC3}"
EndProject
Project("{2150E333-8FDC-42A3-9474-1A3956D46DE8}") = "Tests", "Tests", "{1A8BC3C1-DA57-43B9-94D2-2C08493938B9}"
EndProject
Project("{9A19103F-16F7-4668-BE54-9A1E7A4F7556}") = "PLService.Tests", "Tests\PLService.Tests\PLService.Tests.csproj", "{BB84E2BC-2783-49F0-BCD5-872220C1605C}"
EndProject
Global
	GlobalSection(SolutionConfigurationPlatforms) = preSolution
		Debug|Any CPU = Debug|Any CPU
		Release|Any CPU = Release|Any CPU
	EndGlobalSection
	GlobalSection(ProjectConfigurationPlatforms) = postSolution
		{925A1EFB-9296-4A82-9065-C9FB7B4C1789}.Debug|Any CPU.ActiveCfg = Debug|Any CPU
		{925A1EFB-9296-4A82-9065-C9FB7B4C1789}.Debug|Any CPU.Build.0 = Debug|Any CPU
		{925A1EFB-9296-4A82-9065-C9FB7B4C1789}.Release|Any CPU.ActiveCfg = Release|Any CPU
		{925A1EFB-9296-4A82-9065-C9FB7B4C1789}.Release|Any CPU.Build.0 = Release|Any CPU
		{515FE5F8-D909-400B-9A29-2918F66C8085}.Debug|Any CPU.ActiveCfg = Debug|Any CPU
		{515FE5F8-D909-400B-9A29-2918F66C8085}.Debug|Any CPU.Build.0 = Debug|Any CPU
		{515FE5F8-D909-400B-9A29-2918F66C8085}.Release|Any CPU.ActiveCfg = Release|Any CPU
		{515FE5F8-D909-400B-9A29-2918F66C8085}.Release|Any CPU.Build.0 = Release|Any CPU
		{77F3038D-2939-4D35-B26D-08EAE8509EC3}.Debug|Any CPU.ActiveCfg = Debug|Any CPU
		{77F3038D-2939-4D35-B26D-08EAE8509EC3}.Debug|Any CPU.Build.0 = Debug|Any CPU
		{77F3038D-2939-4D35-B26D-08EAE8509EC3}.Release|Any CPU.ActiveCfg = Release|Any CPU
		{77F3038D-2939-4D35-B26D-08EAE8509EC3}.Release|Any CPU.Build.0 = Release|Any CPU
		{BB84E2BC-2783-49F0-BCD5-872220C1605C}.Debug|Any CPU.ActiveCfg = Debug|Any CPU
		{BB84E2BC-2783-49F0-BCD5-872220C1605C}.Debug|Any CPU.Build.0 = Debug|Any CPU
		{BB84E2BC-2783-49F0-BCD5-872220C1605C}.Release|Any CPU.ActiveCfg = Release|Any CPU
		{BB84E2BC-2783-49F0-BCD5-872220C1605C}.Release|Any CPU.Build.0 = Release|Any CPU
	EndGlobalSection
	GlobalSection(SolutionProperties) = preSolution
		HideSolutionNode = FALSE
	EndGlobalSection
	GlobalSection(NestedProjects) = preSolution
		{515FE5F8-D909-400B-9A29-2918F66C8085} = {C6643867-3431-4BB2-BC72-5E0D7C10EA1D}
		{77F3038D-2939-4D35-B26D-08EAE8509EC3} = {C6643867-3431-4BB2-BC72-5E0D7C10EA1D}
		{BB84E2BC-2783-49F0-BCD5-872220C1605C} = {1A8BC3C1-DA57-43B9-94D2-2C08493938B9}
	EndGlobalSection
	GlobalSection(ExtensibilityGlobals) = postSolution
		SolutionGuid = {E23EDC02-2975-4305-9B6D-D56D0A6EFAF6}
	EndGlobalSection
EndGlobal
