
Microsoft Visual Studio Solution File, Format Version 12.00
# Visual Studio Version 16
VisualStudioVersion = 16.0.33801.447
MinimumVisualStudioVersion = 10.0.40219.1
Project("{9A19103F-16F7-4668-BE54-9A1E7A4F7556}") = "APIGateway", "APIGateway\APIGateway.csproj", "{C73DE23D-8540-4A0F-97FA-B72563248296}"
EndProject
Project("{2150E333-8FDC-42A3-9474-1A3956D46DE8}") = "Services", "Services", "{EEAC619E-E1FC-4158-B451-9676875E74BB}"
EndProject
Project("{9A19103F-16F7-4668-BE54-9A1E7A4F7556}") = "UserManagement", "Services\UserManagement\UserManagement.csproj", "{4B4B81A5-BD3D-4BBC-B1C6-6C52E07D83A5}"
EndProject
Project("{9A19103F-16F7-4668-BE54-9A1E7A4F7556}") = "PLManagement", "Services\PLManagement\PLManagement.csproj", "{75F3ED32-1E05-445B-9C79-D9A20D852AC4}"
EndProject
Project("{2150E333-8FDC-42A3-9474-1A3956D46DE8}") = "Tests", "Tests", "{7BB7A07E-C0FE-4CDD-BE1B-64D3A835A652}"
EndProject
Project("{FAE04EC0-301F-11D3-BF4B-00C04F79EFBC}") = "PLService.Tests", "Tests\PLService.Tests\PLService.Tests.csproj", "{FAB83E4F-D49B-4F45-A052-A742F372190E}"
EndProject
Project("{FAE04EC0-301F-11D3-BF4B-00C04F79EFBC}") = "DocumentManagement", "Services\DocumentManagement\DocumentManagement.csproj", "{43A03A56-3E5D-4A7C-AF58-7676A293F973}"
EndProject
Project("{FAE04EC0-301F-11D3-BF4B-00C04F79EFBC}") = "TMS.Models", "TMS.Models\TMS.Models.csproj", "{22B681E8-E906-4602-BC01-435481C210F8}"
EndProject
Project("{FAE04EC0-301F-11D3-BF4B-00C04F79EFBC}") = "GlobalException", "GlobalException\GlobalException.csproj", "{095A140F-2CE4-411B-AFAD-F68BA3FE00B4}"
EndProject
Global
	GlobalSection(SolutionConfigurationPlatforms) = preSolution
		Debug|Any CPU = Debug|Any CPU
		Release|Any CPU = Release|Any CPU
	EndGlobalSection
	GlobalSection(ProjectConfigurationPlatforms) = postSolution
		{C73DE23D-8540-4A0F-97FA-B72563248296}.Debug|Any CPU.ActiveCfg = Debug|Any CPU
		{C73DE23D-8540-4A0F-97FA-B72563248296}.Debug|Any CPU.Build.0 = Debug|Any CPU
		{C73DE23D-8540-4A0F-97FA-B72563248296}.Release|Any CPU.ActiveCfg = Release|Any CPU
		{C73DE23D-8540-4A0F-97FA-B72563248296}.Release|Any CPU.Build.0 = Release|Any CPU
		{4B4B81A5-BD3D-4BBC-B1C6-6C52E07D83A5}.Debug|Any CPU.ActiveCfg = Debug|Any CPU
		{4B4B81A5-BD3D-4BBC-B1C6-6C52E07D83A5}.Debug|Any CPU.Build.0 = Debug|Any CPU
		{4B4B81A5-BD3D-4BBC-B1C6-6C52E07D83A5}.Release|Any CPU.ActiveCfg = Release|Any CPU
		{4B4B81A5-BD3D-4BBC-B1C6-6C52E07D83A5}.Release|Any CPU.Build.0 = Release|Any CPU
		{75F3ED32-1E05-445B-9C79-D9A20D852AC4}.Debug|Any CPU.ActiveCfg = Debug|Any CPU
		{75F3ED32-1E05-445B-9C79-D9A20D852AC4}.Debug|Any CPU.Build.0 = Debug|Any CPU
		{75F3ED32-1E05-445B-9C79-D9A20D852AC4}.Release|Any CPU.ActiveCfg = Release|Any CPU
		{75F3ED32-1E05-445B-9C79-D9A20D852AC4}.Release|Any CPU.Build.0 = Release|Any CPU
		{FAB83E4F-D49B-4F45-A052-A742F372190E}.Debug|Any CPU.ActiveCfg = Debug|Any CPU
		{FAB83E4F-D49B-4F45-A052-A742F372190E}.Debug|Any CPU.Build.0 = Debug|Any CPU
		{FAB83E4F-D49B-4F45-A052-A742F372190E}.Release|Any CPU.ActiveCfg = Release|Any CPU
		{FAB83E4F-D49B-4F45-A052-A742F372190E}.Release|Any CPU.Build.0 = Release|Any CPU
		{43A03A56-3E5D-4A7C-AF58-7676A293F973}.Debug|Any CPU.ActiveCfg = Debug|Any CPU
		{43A03A56-3E5D-4A7C-AF58-7676A293F973}.Debug|Any CPU.Build.0 = Debug|Any CPU
		{43A03A56-3E5D-4A7C-AF58-7676A293F973}.Release|Any CPU.ActiveCfg = Release|Any CPU
		{43A03A56-3E5D-4A7C-AF58-7676A293F973}.Release|Any CPU.Build.0 = Release|Any CPU
		{22B681E8-E906-4602-BC01-435481C210F8}.Debug|Any CPU.ActiveCfg = Debug|Any CPU
		{22B681E8-E906-4602-BC01-435481C210F8}.Debug|Any CPU.Build.0 = Debug|Any CPU
		{22B681E8-E906-4602-BC01-435481C210F8}.Release|Any CPU.ActiveCfg = Release|Any CPU
		{22B681E8-E906-4602-BC01-435481C210F8}.Release|Any CPU.Build.0 = Release|Any CPU
		{095A140F-2CE4-411B-AFAD-F68BA3FE00B4}.Debug|Any CPU.ActiveCfg = Debug|Any CPU
		{095A140F-2CE4-411B-AFAD-F68BA3FE00B4}.Debug|Any CPU.Build.0 = Debug|Any CPU
		{095A140F-2CE4-411B-AFAD-F68BA3FE00B4}.Release|Any CPU.ActiveCfg = Release|Any CPU
		{095A140F-2CE4-411B-AFAD-F68BA3FE00B4}.Release|Any CPU.Build.0 = Release|Any CPU
	EndGlobalSection
	GlobalSection(SolutionProperties) = preSolution
		HideSolutionNode = FALSE
	EndGlobalSection
	GlobalSection(NestedProjects) = preSolution
		{4B4B81A5-BD3D-4BBC-B1C6-6C52E07D83A5} = {EEAC619E-E1FC-4158-B451-9676875E74BB}
		{75F3ED32-1E05-445B-9C79-D9A20D852AC4} = {EEAC619E-E1FC-4158-B451-9676875E74BB}
		{FAB83E4F-D49B-4F45-A052-A742F372190E} = {7BB7A07E-C0FE-4CDD-BE1B-64D3A835A652}
		{43A03A56-3E5D-4A7C-AF58-7676A293F973} = {EEAC619E-E1FC-4158-B451-9676875E74BB}
	EndGlobalSection
	GlobalSection(ExtensibilityGlobals) = postSolution
		SolutionGuid = {56F7B562-7D8B-4EEC-83F5-70787DD0F628}
	EndGlobalSection
EndGlobal
