
Microsoft Visual Studio Solution File, Format Version 12.00
# Visual Studio Version 17
VisualStudioVersion = 17.5.002.0
MinimumVisualStudioVersion = 10.0.40219.1
Project("{9A19103F-16F7-4668-BE54-9A1E7A4F7556}") = "APIGateway", "APIGateway\APIGateway.csproj", "{748BE3B2-C517-4F44-853E-CD0535E5CD29}"
EndProject
Project("{9A19103F-16F7-4668-BE54-9A1E7A4F7556}") = "GlobalException", "GlobalException\GlobalException.csproj", "{D0E2FE5B-AFBA-409D-8D7A-E535D62C8888}"
EndProject
Project("{9A19103F-16F7-4668-BE54-9A1E7A4F7556}") = "TMS.Models", "TMS.Models\TMS.Models.csproj", "{93AF2C03-674B-4B6D-AA6C-89E561403A08}"
EndProject
Project("{2150E333-8FDC-42A3-9474-1A3956D46DE8}") = "Services", "Services", "{DC92E5AF-AA07-4063-A030-D095BBA44222}"
EndProject
Project("{9A19103F-16F7-4668-BE54-9A1E7A4F7556}") = "DocumentManagement", "Services\DocumentManagement\DocumentManagement.csproj", "{55A9D1B5-AA95-4F44-B6A3-F9B359C8600C}"
EndProject
Project("{9A19103F-16F7-4668-BE54-9A1E7A4F7556}") = "PLManagement", "Services\PLManagement\PLManagement.csproj", "{2C0FEED0-3FDA-4EAB-BC35-4FFF21E8D6A3}"
EndProject
Project("{9A19103F-16F7-4668-BE54-9A1E7A4F7556}") = "UserManagement", "Services\UserManagement\UserManagement.csproj", "{6A095691-4DAF-45BB-9E1A-68C71B24CABC}"
EndProject
Project("{2150E333-8FDC-42A3-9474-1A3956D46DE8}") = "Tests", "Tests", "{DF4148E3-7E02-4DEC-8656-3DE82693CB2B}"
EndProject
Project("{9A19103F-16F7-4668-BE54-9A1E7A4F7556}") = "PLService.Tests", "Tests\PLService.Tests\PLService.Tests.csproj", "{7AA699C2-B6E2-46B4-810A-29BC1E3D6286}"
EndProject
Global
	GlobalSection(SolutionConfigurationPlatforms) = preSolution
		Debug|Any CPU = Debug|Any CPU
		Release|Any CPU = Release|Any CPU
	EndGlobalSection
	GlobalSection(ProjectConfigurationPlatforms) = postSolution
		{748BE3B2-C517-4F44-853E-CD0535E5CD29}.Debug|Any CPU.ActiveCfg = Debug|Any CPU
		{748BE3B2-C517-4F44-853E-CD0535E5CD29}.Debug|Any CPU.Build.0 = Debug|Any CPU
		{748BE3B2-C517-4F44-853E-CD0535E5CD29}.Release|Any CPU.ActiveCfg = Release|Any CPU
		{748BE3B2-C517-4F44-853E-CD0535E5CD29}.Release|Any CPU.Build.0 = Release|Any CPU
		{D0E2FE5B-AFBA-409D-8D7A-E535D62C8888}.Debug|Any CPU.ActiveCfg = Debug|Any CPU
		{D0E2FE5B-AFBA-409D-8D7A-E535D62C8888}.Debug|Any CPU.Build.0 = Debug|Any CPU
		{D0E2FE5B-AFBA-409D-8D7A-E535D62C8888}.Release|Any CPU.ActiveCfg = Release|Any CPU
		{D0E2FE5B-AFBA-409D-8D7A-E535D62C8888}.Release|Any CPU.Build.0 = Release|Any CPU
		{93AF2C03-674B-4B6D-AA6C-89E561403A08}.Debug|Any CPU.ActiveCfg = Debug|Any CPU
		{93AF2C03-674B-4B6D-AA6C-89E561403A08}.Debug|Any CPU.Build.0 = Debug|Any CPU
		{93AF2C03-674B-4B6D-AA6C-89E561403A08}.Release|Any CPU.ActiveCfg = Release|Any CPU
		{93AF2C03-674B-4B6D-AA6C-89E561403A08}.Release|Any CPU.Build.0 = Release|Any CPU
		{55A9D1B5-AA95-4F44-B6A3-F9B359C8600C}.Debug|Any CPU.ActiveCfg = Debug|Any CPU
		{55A9D1B5-AA95-4F44-B6A3-F9B359C8600C}.Debug|Any CPU.Build.0 = Debug|Any CPU
		{55A9D1B5-AA95-4F44-B6A3-F9B359C8600C}.Release|Any CPU.ActiveCfg = Release|Any CPU
		{55A9D1B5-AA95-4F44-B6A3-F9B359C8600C}.Release|Any CPU.Build.0 = Release|Any CPU
		{2C0FEED0-3FDA-4EAB-BC35-4FFF21E8D6A3}.Debug|Any CPU.ActiveCfg = Debug|Any CPU
		{2C0FEED0-3FDA-4EAB-BC35-4FFF21E8D6A3}.Debug|Any CPU.Build.0 = Debug|Any CPU
		{2C0FEED0-3FDA-4EAB-BC35-4FFF21E8D6A3}.Release|Any CPU.ActiveCfg = Release|Any CPU
		{2C0FEED0-3FDA-4EAB-BC35-4FFF21E8D6A3}.Release|Any CPU.Build.0 = Release|Any CPU
		{6A095691-4DAF-45BB-9E1A-68C71B24CABC}.Debug|Any CPU.ActiveCfg = Debug|Any CPU
		{6A095691-4DAF-45BB-9E1A-68C71B24CABC}.Debug|Any CPU.Build.0 = Debug|Any CPU
		{6A095691-4DAF-45BB-9E1A-68C71B24CABC}.Release|Any CPU.ActiveCfg = Release|Any CPU
		{6A095691-4DAF-45BB-9E1A-68C71B24CABC}.Release|Any CPU.Build.0 = Release|Any CPU
		{7AA699C2-B6E2-46B4-810A-29BC1E3D6286}.Debug|Any CPU.ActiveCfg = Debug|Any CPU
		{7AA699C2-B6E2-46B4-810A-29BC1E3D6286}.Debug|Any CPU.Build.0 = Debug|Any CPU
		{7AA699C2-B6E2-46B4-810A-29BC1E3D6286}.Release|Any CPU.ActiveCfg = Release|Any CPU
		{7AA699C2-B6E2-46B4-810A-29BC1E3D6286}.Release|Any CPU.Build.0 = Release|Any CPU
	EndGlobalSection
	GlobalSection(SolutionProperties) = preSolution
		HideSolutionNode = FALSE
	EndGlobalSection
	GlobalSection(NestedProjects) = preSolution
		{55A9D1B5-AA95-4F44-B6A3-F9B359C8600C} = {DC92E5AF-AA07-4063-A030-D095BBA44222}
		{2C0FEED0-3FDA-4EAB-BC35-4FFF21E8D6A3} = {DC92E5AF-AA07-4063-A030-D095BBA44222}
		{6A095691-4DAF-45BB-9E1A-68C71B24CABC} = {DC92E5AF-AA07-4063-A030-D095BBA44222}
		{7AA699C2-B6E2-46B4-810A-29BC1E3D6286} = {DF4148E3-7E02-4DEC-8656-3DE82693CB2B}
	EndGlobalSection
	GlobalSection(ExtensibilityGlobals) = postSolution
		SolutionGuid = {E23EDC02-2975-4305-9B6D-D56D0A6EFAF6}
	EndGlobalSection
EndGlobal
