
Microsoft Visual Studio Solution File, Format Version 12.00
# Visual Studio Version 16
VisualStudioVersion = 16.0.33801.447
MinimumVisualStudioVersion = 10.0.40219.1
Project("{9A19103F-16F7-4668-BE54-9A1E7A4F7556}") = "UserManagement", "UserManagement.csproj", "{B5031C6E-6100-4204-BE93-7D8C7104346E}"
EndProject
Global
	GlobalSection(SolutionConfigurationPlatforms) = preSolution
		Debug|Any CPU = Debug|Any CPU
		Release|Any CPU = Release|Any CPU
	EndGlobalSection
	GlobalSection(ProjectConfigurationPlatforms) = postSolution
		{B5031C6E-6100-4204-BE93-7D8C7104346E}.Debug|Any CPU.ActiveCfg = Debug|Any CPU
		{B5031C6E-6100-4204-BE93-7D8C7104346E}.Debug|Any CPU.Build.0 = Debug|Any CPU
		{B5031C6E-6100-4204-BE93-7D8C7104346E}.Release|Any CPU.ActiveCfg = Release|Any CPU
		{B5031C6E-6100-4204-BE93-7D8C7104346E}.Release|Any CPU.Build.0 = Release|Any CPU
	EndGlobalSection
	GlobalSection(SolutionProperties) = preSolution
		HideSolutionNode = FALSE
	EndGlobalSection
	GlobalSection(ExtensibilityGlobals) = postSolution
		SolutionGuid = {739F7ACE-27C1-4A37-816A-33DC33479C11}
	EndGlobalSection
EndGlobal
